
Microsoft Visual Studio Solution File, Format Version 12.00
# Visual Studio 15
VisualStudioVersion = 15.0.26730.12
MinimumVisualStudioVersion = 10.0.40219.1
Project("{9A19103F-16F7-4668-BE54-9A1E7A4F7556}") = "ExmoApi", "ExmoApi\ExmoApi.csproj", "{790E78B5-8574-48E8-BD69-E204AF4FF127}"
EndProject
Project("{FAE04EC0-301F-11D3-BF4B-00C04F79EFBC}") = "ExmoNotifier", "..\ExmoNotifier\ExmoNotifier\ExmoNotifier.csproj", "{5DCD4258-1033-4EF4-973F-0740B8A742FF}"
EndProject
Global
	GlobalSection(SolutionConfigurationPlatforms) = preSolution
		Debug|Any CPU = Debug|Any CPU
		Release|Any CPU = Release|Any CPU
	EndGlobalSection
	GlobalSection(ProjectConfigurationPlatforms) = postSolution
		{790E78B5-8574-48E8-BD69-E204AF4FF127}.Debug|Any CPU.ActiveCfg = Debug|Any CPU
		{790E78B5-8574-48E8-BD69-E204AF4FF127}.Debug|Any CPU.Build.0 = Debug|Any CPU
		{790E78B5-8574-48E8-BD69-E204AF4FF127}.Release|Any CPU.ActiveCfg = Release|Any CPU
		{790E78B5-8574-48E8-BD69-E204AF4FF127}.Release|Any CPU.Build.0 = Release|Any CPU
		{5DCD4258-1033-4EF4-973F-0740B8A742FF}.Debug|Any CPU.ActiveCfg = Debug|Any CPU
		{5DCD4258-1033-4EF4-973F-0740B8A742FF}.Debug|Any CPU.Build.0 = Debug|Any CPU
		{5DCD4258-1033-4EF4-973F-0740B8A742FF}.Release|Any CPU.ActiveCfg = Release|Any CPU
		{5DCD4258-1033-4EF4-973F-0740B8A742FF}.Release|Any CPU.Build.0 = Release|Any CPU
	EndGlobalSection
	GlobalSection(SolutionProperties) = preSolution
		HideSolutionNode = FALSE
	EndGlobalSection
	GlobalSection(ExtensibilityGlobals) = postSolution
		SolutionGuid = {D53D84D0-278B-40CC-8501-10A232E153D8}
	EndGlobalSection
EndGlobal
